<?xml version="1.0" encoding="UTF-8" standalone="yes" ?>
<CodeBlocks_project_file>
	<FileVersion major="1" minor="6" />
	<Project>
		<Option title="clock" />
		<Option pch_mode="2" />
		<Option compiler="gcc" />
		<Build>
			<Target title="Debug">
				<Option output="./debug/clock" prefix_auto="1" extension_auto="1" />
				<Option object_output="obj/Debug/" />
				<Option type="1" />
				<Option compiler="gcc" />
				<Compiler>
					<Add option="-g" />
				</Compiler>
			</Target>
			<Target title="Release">
				<Option output="./clock" prefix_auto="1" extension_auto="1" />
				<Option object_output="obj/Release/" />
				<Option type="1" />
				<Option compiler="gcc" />
				<Compiler>
					<Add option="-O2" />
				</Compiler>
				<Linker>
					<Add option="-s" />
				</Linker>
			</Target>
		</Build>
		<Compiler>
			<Add option="-std=c++11" />
			<Add option="-Wall" />
			<Add option="-fexceptions" />
			<Add directory="../rpi-rgb-led-matrix/include" />
		</Compiler>
		<Linker>
			<Add library="../rpi-rgb-led-matrix/lib/librgbmatrix.a" />
			<Add library="pthread" />
		</Linker>
		<Unit filename="Application.cpp" />
		<Unit filename="Application.h" />
		<Unit filename="basicclock.cpp" />
		<Unit filename="basicclock.h" />
		<Unit filename="bitmap.cpp" />
		<Unit filename="bitmap.h" />
		<Unit filename="color.cpp" />
		<Unit filename="color.h" />
		<Unit filename="e" />
		<Unit filename="filemonitor.cpp" />
		<Unit filename="filemonitor.h" />
		<Unit filename="json/json-forwards.h" />
		<Unit filename="json/json.h" />
		<Unit filename="json/jsoncpp.cpp" />
		<Unit filename="main.cpp" />
		<Unit filename="page.cpp" />
		<Unit filename="page.h" />
		<Unit filename="preset.cpp" />
		<Unit filename="preset.h" />
		<Unit filename="widget.cpp" />
		<Unit filename="widget.h" />
		<Extensions>
			<code_completion />
			<debugger />
			<envvars />
		</Extensions>
	</Project>
</CodeBlocks_project_file>
