<?xml version="1.0" encoding="utf-8"?>
<Project ToolsVersion="4.0" xmlns="http://schemas.microsoft.com/developer/msbuild/2003">
  <ItemGroup>
    <Filter Include="Source Files">
      <UniqueIdentifier>{4FC737F1-C7A5-4376-A066-2A32D752A2FF}</UniqueIdentifier>
      <Extensions>cpp;c;cc;cxx;def;odl;idl;hpj;bat;asm;asmx</Extensions>
    </Filter>
    <Filter Include="Lib">
      <UniqueIdentifier>{13ee8525-1bd7-40b8-8765-794b9dc6dcbc}</UniqueIdentifier>
    </Filter>
  </ItemGroup>
  <ItemGroup>
    <ClCompile Include="Application.cpp">
      <Filter>Source Files</Filter>
    </ClCompile>
    <ClCompile Include="basicclock.cpp">
      <Filter>Source Files</Filter>
    </ClCompile>
    <ClCompile Include="bitmap.cpp">
      <Filter>Source Files</Filter>
    </ClCompile>
    <ClCompile Include="color.cpp">
      <Filter>Source Files</Filter>
    </ClCompile>
    <ClCompile Include="main.cpp">
      <Filter>Source Files</Filter>
    </ClCompile>
    <ClCompile Include="page.cpp">
      <Filter>Source Files</Filter>
    </ClCompile>
    <ClCompile Include="preset.cpp">
      <Filter>Source Files</Filter>
    </ClCompile>
    <ClCompile Include="widget.cpp">
      <Filter>Source Files</Filter>
    </ClCompile>
    <ClCompile Include="json\jsoncpp.cpp">
      <Filter>Source Files</Filter>
    </ClCompile>
    <ClCompile Include="filemonitor.cpp">
      <Filter>Source Files</Filter>
    </ClCompile>
  </ItemGroup>
  <ItemGroup>
    <ClInclude Include="Application.h">
      <Filter>Source Files</Filter>
    </ClInclude>
    <ClInclude Include="basicclock.h">
      <Filter>Source Files</Filter>
    </ClInclude>
    <ClInclude Include="bitmap.h">
      <Filter>Source Files</Filter>
    </ClInclude>
    <ClInclude Include="color.h">
      <Filter>Source Files</Filter>
    </ClInclude>
    <ClInclude Include="page.h">
      <Filter>Source Files</Filter>
    </ClInclude>
    <ClInclude Include="preset.h">
      <Filter>Source Files</Filter>
    </ClInclude>
    <ClInclude Include="widget.h">
      <Filter>Source Files</Filter>
    </ClInclude>
    <ClInclude Include="json\json.h">
      <Filter>Source Files</Filter>
    </ClInclude>
    <ClInclude Include="filemonitor.h" />
  </ItemGroup>
</Project>